
Microsoft Visual Studio Solution File, Format Version 12.00
# Visual Studio 15
VisualStudioVersion = 15.0.27703.1
MinimumVisualStudioVersion = 10.0.40219.1
Project("{FAE04EC0-301F-11D3-BF4B-00C04F79EFBC}") = "WeeklyReport", "WeeklyReport\WeeklyReport.csproj", "{CEC78C29-80CC-4E66-B170-2B4A593480CF}"
EndProject
Project("{FAE04EC0-301F-11D3-BF4B-00C04F79EFBC}") = "Common", "Common\Common.csproj", "{121AF49A-3143-4C9C-8FDA-026B31B643FB}"
EndProject
Project("{FAE04EC0-301F-11D3-BF4B-00C04F79EFBC}") = "Management", "Management\Management.csproj", "{483C4AD3-D5CB-4B4D-9D66-1FE93E0C29EB}"
EndProject
Project("{FAE04EC0-301F-11D3-BF4B-00C04F79EFBC}") = "WRManagement", "WRManagement\WRManagement.csproj", "{0B99E15E-EF66-49DF-9AD8-54EC0373A0C2}"
EndProject
Project("{FAE04EC0-301F-11D3-BF4B-00C04F79EFBC}") = "Model", "Model\Model.csproj", "{F4C0B97A-4139-4D56-A37E-1DF73D1F63CE}"
EndProject
Project("{FAE04EC0-301F-11D3-BF4B-00C04F79EFBC}") = "ToDoList", "ToDoList\ToDoList.csproj", "{575FAA64-1937-49EC-A9E9-45730B747C70}"
EndProject
Project("{FAE04EC0-301F-11D3-BF4B-00C04F79EFBC}") = "ReminderTile", "ReminderTile\ReminderTile.csproj", "{6AFE504F-5A8A-464D-8649-874532231514}"
EndProject
Global
	GlobalSection(SolutionConfigurationPlatforms) = preSolution
		Debug|Any CPU = Debug|Any CPU
		Release|Any CPU = Release|Any CPU
	EndGlobalSection
	GlobalSection(ProjectConfigurationPlatforms) = postSolution
		{CEC78C29-80CC-4E66-B170-2B4A593480CF}.Debug|Any CPU.ActiveCfg = Debug|Any CPU
		{CEC78C29-80CC-4E66-B170-2B4A593480CF}.Debug|Any CPU.Build.0 = Debug|Any CPU
		{CEC78C29-80CC-4E66-B170-2B4A593480CF}.Release|Any CPU.ActiveCfg = Release|Any CPU
		{CEC78C29-80CC-4E66-B170-2B4A593480CF}.Release|Any CPU.Build.0 = Release|Any CPU
		{121AF49A-3143-4C9C-8FDA-026B31B643FB}.Debug|Any CPU.ActiveCfg = Debug|Any CPU
		{121AF49A-3143-4C9C-8FDA-026B31B643FB}.Debug|Any CPU.Build.0 = Debug|Any CPU
		{121AF49A-3143-4C9C-8FDA-026B31B643FB}.Release|Any CPU.ActiveCfg = Release|Any CPU
		{121AF49A-3143-4C9C-8FDA-026B31B643FB}.Release|Any CPU.Build.0 = Release|Any CPU
		{483C4AD3-D5CB-4B4D-9D66-1FE93E0C29EB}.Debug|Any CPU.ActiveCfg = Debug|Any CPU
		{483C4AD3-D5CB-4B4D-9D66-1FE93E0C29EB}.Debug|Any CPU.Build.0 = Debug|Any CPU
		{483C4AD3-D5CB-4B4D-9D66-1FE93E0C29EB}.Release|Any CPU.ActiveCfg = Release|Any CPU
		{483C4AD3-D5CB-4B4D-9D66-1FE93E0C29EB}.Release|Any CPU.Build.0 = Release|Any CPU
		{0B99E15E-EF66-49DF-9AD8-54EC0373A0C2}.Debug|Any CPU.ActiveCfg = Debug|Any CPU
		{0B99E15E-EF66-49DF-9AD8-54EC0373A0C2}.Debug|Any CPU.Build.0 = Debug|Any CPU
		{0B99E15E-EF66-49DF-9AD8-54EC0373A0C2}.Release|Any CPU.ActiveCfg = Release|Any CPU
		{0B99E15E-EF66-49DF-9AD8-54EC0373A0C2}.Release|Any CPU.Build.0 = Release|Any CPU
		{F4C0B97A-4139-4D56-A37E-1DF73D1F63CE}.Debug|Any CPU.ActiveCfg = Debug|Any CPU
		{F4C0B97A-4139-4D56-A37E-1DF73D1F63CE}.Debug|Any CPU.Build.0 = Debug|Any CPU
		{F4C0B97A-4139-4D56-A37E-1DF73D1F63CE}.Release|Any CPU.ActiveCfg = Release|Any CPU
		{F4C0B97A-4139-4D56-A37E-1DF73D1F63CE}.Release|Any CPU.Build.0 = Release|Any CPU
		{575FAA64-1937-49EC-A9E9-45730B747C70}.Debug|Any CPU.ActiveCfg = Debug|Any CPU
		{575FAA64-1937-49EC-A9E9-45730B747C70}.Debug|Any CPU.Build.0 = Debug|Any CPU
		{575FAA64-1937-49EC-A9E9-45730B747C70}.Release|Any CPU.ActiveCfg = Release|Any CPU
		{575FAA64-1937-49EC-A9E9-45730B747C70}.Release|Any CPU.Build.0 = Release|Any CPU
		{6AFE504F-5A8A-464D-8649-874532231514}.Debug|Any CPU.ActiveCfg = Debug|Any CPU
		{6AFE504F-5A8A-464D-8649-874532231514}.Debug|Any CPU.Build.0 = Debug|Any CPU
		{6AFE504F-5A8A-464D-8649-874532231514}.Release|Any CPU.ActiveCfg = Release|Any CPU
		{6AFE504F-5A8A-464D-8649-874532231514}.Release|Any CPU.Build.0 = Release|Any CPU
	EndGlobalSection
	GlobalSection(SolutionProperties) = preSolution
		HideSolutionNode = FALSE
	EndGlobalSection
	GlobalSection(ExtensibilityGlobals) = postSolution
		SolutionGuid = {2F49A3A0-F6FF-41FD-B2EE-AE3B8CAC1812}
	EndGlobalSection
EndGlobal
